
Microsoft Visual Studio Solution File, Format Version 12.00
# Visual Studio Version 16
VisualStudioVersion = 16.0.30413.136
MinimumVisualStudioVersion = 10.0.40219.1
Project("{FAE04EC0-301F-11D3-BF4B-00C04F79EFBC}") = "Hi2", "Hi2\Hi2.csproj", "{C138EF5B-7055-4731-B4E2-0263651BA038}"
EndProject
Global
	GlobalSection(SolutionConfigurationPlatforms) = preSolution
		Debug|Any CPU = Debug|Any CPU
		Release|Any CPU = Release|Any CPU
	EndGlobalSection
	GlobalSection(ProjectConfigurationPlatforms) = postSolution
		{C138EF5B-7055-4731-B4E2-0263651BA038}.Debug|Any CPU.ActiveCfg = Debug|Any CPU
		{C138EF5B-7055-4731-B4E2-0263651BA038}.Debug|Any CPU.Build.0 = Debug|Any CPU
		{C138EF5B-7055-4731-B4E2-0263651BA038}.Release|Any CPU.ActiveCfg = Release|Any CPU
		{C138EF5B-7055-4731-B4E2-0263651BA038}.Release|Any CPU.Build.0 = Release|Any CPU
	EndGlobalSection
	GlobalSection(SolutionProperties) = preSolution
		HideSolutionNode = FALSE
	EndGlobalSection
	GlobalSection(ExtensibilityGlobals) = postSolution
		SolutionGuid = {76C2B463-58CC-4C55-9FA2-A74CF5278F89}
	EndGlobalSection
EndGlobal
